
Microsoft Visual Studio Solution File, Format Version 12.00
# Visual Studio 15
VisualStudioVersion = 15.0.27130.2024
MinimumVisualStudioVersion = 10.0.40219.1
Project("{FAE04EC0-301F-11D3-BF4B-00C04F79EFBC}") = "Predictor", "Predictor\Predictor.csproj", "{A56791E4-4570-44EA-B7CD-BD613183A4DC}"
EndProject
Global
	GlobalSection(SolutionConfigurationPlatforms) = preSolution
		Debug|Any CPU = Debug|Any CPU
		Release|Any CPU = Release|Any CPU
	EndGlobalSection
	GlobalSection(ProjectConfigurationPlatforms) = postSolution
		{A56791E4-4570-44EA-B7CD-BD613183A4DC}.Debug|Any CPU.ActiveCfg = Debug|Any CPU
		{A56791E4-4570-44EA-B7CD-BD613183A4DC}.Debug|Any CPU.Build.0 = Debug|Any CPU
		{A56791E4-4570-44EA-B7CD-BD613183A4DC}.Release|Any CPU.ActiveCfg = Release|Any CPU
		{A56791E4-4570-44EA-B7CD-BD613183A4DC}.Release|Any CPU.Build.0 = Release|Any CPU
	EndGlobalSection
	GlobalSection(SolutionProperties) = preSolution
		HideSolutionNode = FALSE
	EndGlobalSection
	GlobalSection(ExtensibilityGlobals) = postSolution
		SolutionGuid = {0AFB7E8B-01FF-4638-A2E4-7C84A8D00BB9}
	EndGlobalSection
EndGlobal
