
Microsoft Visual Studio Solution File, Format Version 12.00
# Visual Studio 15
VisualStudioVersion = 15.0.27130.2024
MinimumVisualStudioVersion = 10.0.40219.1
Project("{9A19103F-16F7-4668-BE54-9A1E7A4F7556}") = "DiabetesPredictor", "DiabetesPredictor\DiabetesPredictor.csproj", "{54BC77EE-1A35-4D14-9848-C1C023A1BC5F}"
EndProject
Project("{FAE04EC0-301F-11D3-BF4B-00C04F79EFBC}") = "DiabetesPredictor-Full", "DiabetesPredictor-Full\DiabetesPredictor-Full.csproj", "{0F7C5623-1C59-4D85-AF1E-2DC13E3879F3}"
EndProject
Global
	GlobalSection(SolutionConfigurationPlatforms) = preSolution
		Debug|Any CPU = Debug|Any CPU
		Debug|x64 = Debug|x64
		Debug|x86 = Debug|x86
		Release|Any CPU = Release|Any CPU
		Release|x64 = Release|x64
		Release|x86 = Release|x86
	EndGlobalSection
	GlobalSection(ProjectConfigurationPlatforms) = postSolution
		{54BC77EE-1A35-4D14-9848-C1C023A1BC5F}.Debug|Any CPU.ActiveCfg = Debug|Any CPU
		{54BC77EE-1A35-4D14-9848-C1C023A1BC5F}.Debug|Any CPU.Build.0 = Debug|Any CPU
		{54BC77EE-1A35-4D14-9848-C1C023A1BC5F}.Debug|x64.ActiveCfg = Debug|Any CPU
		{54BC77EE-1A35-4D14-9848-C1C023A1BC5F}.Debug|x64.Build.0 = Debug|Any CPU
		{54BC77EE-1A35-4D14-9848-C1C023A1BC5F}.Debug|x86.ActiveCfg = Debug|Any CPU
		{54BC77EE-1A35-4D14-9848-C1C023A1BC5F}.Debug|x86.Build.0 = Debug|Any CPU
		{54BC77EE-1A35-4D14-9848-C1C023A1BC5F}.Release|Any CPU.ActiveCfg = Release|Any CPU
		{54BC77EE-1A35-4D14-9848-C1C023A1BC5F}.Release|Any CPU.Build.0 = Release|Any CPU
		{54BC77EE-1A35-4D14-9848-C1C023A1BC5F}.Release|x64.ActiveCfg = Release|Any CPU
		{54BC77EE-1A35-4D14-9848-C1C023A1BC5F}.Release|x64.Build.0 = Release|Any CPU
		{54BC77EE-1A35-4D14-9848-C1C023A1BC5F}.Release|x86.ActiveCfg = Release|Any CPU
		{54BC77EE-1A35-4D14-9848-C1C023A1BC5F}.Release|x86.Build.0 = Release|Any CPU
		{0F7C5623-1C59-4D85-AF1E-2DC13E3879F3}.Debug|Any CPU.ActiveCfg = Debug|Any CPU
		{0F7C5623-1C59-4D85-AF1E-2DC13E3879F3}.Debug|Any CPU.Build.0 = Debug|Any CPU
		{0F7C5623-1C59-4D85-AF1E-2DC13E3879F3}.Debug|x64.ActiveCfg = Debug|Any CPU
		{0F7C5623-1C59-4D85-AF1E-2DC13E3879F3}.Debug|x64.Build.0 = Debug|Any CPU
		{0F7C5623-1C59-4D85-AF1E-2DC13E3879F3}.Debug|x86.ActiveCfg = Debug|Any CPU
		{0F7C5623-1C59-4D85-AF1E-2DC13E3879F3}.Debug|x86.Build.0 = Debug|Any CPU
		{0F7C5623-1C59-4D85-AF1E-2DC13E3879F3}.Release|Any CPU.ActiveCfg = Release|Any CPU
		{0F7C5623-1C59-4D85-AF1E-2DC13E3879F3}.Release|Any CPU.Build.0 = Release|Any CPU
		{0F7C5623-1C59-4D85-AF1E-2DC13E3879F3}.Release|x64.ActiveCfg = Release|x64
		{0F7C5623-1C59-4D85-AF1E-2DC13E3879F3}.Release|x64.Build.0 = Release|x64
		{0F7C5623-1C59-4D85-AF1E-2DC13E3879F3}.Release|x86.ActiveCfg = Release|Any CPU
		{0F7C5623-1C59-4D85-AF1E-2DC13E3879F3}.Release|x86.Build.0 = Release|Any CPU
	EndGlobalSection
	GlobalSection(SolutionProperties) = preSolution
		HideSolutionNode = FALSE
	EndGlobalSection
	GlobalSection(ExtensibilityGlobals) = postSolution
		SolutionGuid = {0AFB7E8B-01FF-4638-A2E4-7C84A8D00BB9}
	EndGlobalSection
EndGlobal
